Microsoft Visual Studio Solution File, Format Version 12.00
# Visual Studio Version 17
VisualStudioVersion = 17.5.2.0
MinimumVisualStudioVersion = 10.0.40219.1
Project("{FAE04EC0-301F-11D3-BF4B-00C04F79EFBC}") = "SecureVoteApp", "SecureVoteApp.csproj", "{B1D57D95-81E2-D51E-D9E9-E2FD0C598875}"
EndProject
Global
	GlobalSection(SolutionConfigurationPlatforms) = preSolution
		Debug|Any CPU = Debug|Any CPU
		Release|Any CPU = Release|Any CPU
	EndGlobalSection
	GlobalSection(ProjectConfigurationPlatforms) = postSolution
		{B1D57D95-81E2-D51E-D9E9-E2FD0C598875}.Debug|Any CPU.ActiveCfg = Debug|Any CPU
		{B1D57D95-81E2-D51E-D9E9-E2FD0C598875}.Debug|Any CPU.Build.0 = Debug|Any CPU
		{B1D57D95-81E2-D51E-D9E9-E2FD0C598875}.Release|Any CPU.ActiveCfg = Release|Any CPU
		{B1D57D95-81E2-D51E-D9E9-E2FD0C598875}.Release|Any CPU.Build.0 = Release|Any CPU
	EndGlobalSection
	GlobalSection(SolutionProperties) = preSolution
		HideSolutionNode = FALSE
	EndGlobalSection
	GlobalSection(ExtensibilityGlobals) = postSolution
		SolutionGuid = {79F25D1B-A0CB-4C6E-8D32-ECCDCA6ED324}
	EndGlobalSection
EndGlobal
